
Microsoft Visual Studio Solution File, Format Version 12.00
# Visual Studio 2013
VisualStudioVersion = 12.0.21005.1
MinimumVisualStudioVersion = 10.0.40219.1
Project("{FAE04EC0-301F-11D3-BF4B-00C04F79EFBC}") = "PhotoTransformByte[]", "PhotoTransformByte[]\PhotoTransformByte[].csproj", "{475E9B41-E33D-46B1-B8F2-5A0FC46DB1AB}"
EndProject
Global
	GlobalSection(SolutionConfigurationPlatforms) = preSolution
		Debug|Any CPU = Debug|Any CPU
		Release|Any CPU = Release|Any CPU
	EndGlobalSection
	GlobalSection(ProjectConfigurationPlatforms) = postSolution
		{475E9B41-E33D-46B1-B8F2-5A0FC46DB1AB}.Debug|Any CPU.ActiveCfg = Debug|Any CPU
		{475E9B41-E33D-46B1-B8F2-5A0FC46DB1AB}.Debug|Any CPU.Build.0 = Debug|Any CPU
		{475E9B41-E33D-46B1-B8F2-5A0FC46DB1AB}.Release|Any CPU.ActiveCfg = Release|Any CPU
		{475E9B41-E33D-46B1-B8F2-5A0FC46DB1AB}.Release|Any CPU.Build.0 = Release|Any CPU
	EndGlobalSection
	GlobalSection(SolutionProperties) = preSolution
		HideSolutionNode = FALSE
	EndGlobalSection
EndGlobal
